
Microsoft Visual Studio Solution File, Format Version 12.00
# Visual Studio 15
VisualStudioVersion = 15.0.26228.9
MinimumVisualStudioVersion = 10.0.40219.1
Project("{FAE04EC0-301F-11D3-BF4B-00C04F79EFBC}") = "webApiTokenAuthentication", "webApiTokenAuthentication\webApiTokenAuthentication.csproj", "{7A022C94-F8E8-435E-8139-42465117BB1E}"
EndProject
Project("{FAE04EC0-301F-11D3-BF4B-00C04F79EFBC}") = "angularApp", "angularApp\angularApp.csproj", "{0F59C2FA-C91C-4611-AB1A-E884ADB5A8A2}"
EndProject
Global
	GlobalSection(SolutionConfigurationPlatforms) = preSolution
		Debug|Any CPU = Debug|Any CPU
		Release|Any CPU = Release|Any CPU
	EndGlobalSection
	GlobalSection(ProjectConfigurationPlatforms) = postSolution
		{7A022C94-F8E8-435E-8139-42465117BB1E}.Debug|Any CPU.ActiveCfg = Debug|Any CPU
		{7A022C94-F8E8-435E-8139-42465117BB1E}.Debug|Any CPU.Build.0 = Debug|Any CPU
		{7A022C94-F8E8-435E-8139-42465117BB1E}.Release|Any CPU.ActiveCfg = Release|Any CPU
		{7A022C94-F8E8-435E-8139-42465117BB1E}.Release|Any CPU.Build.0 = Release|Any CPU
		{0F59C2FA-C91C-4611-AB1A-E884ADB5A8A2}.Debug|Any CPU.ActiveCfg = Debug|Any CPU
		{0F59C2FA-C91C-4611-AB1A-E884ADB5A8A2}.Debug|Any CPU.Build.0 = Debug|Any CPU
		{0F59C2FA-C91C-4611-AB1A-E884ADB5A8A2}.Release|Any CPU.ActiveCfg = Release|Any CPU
		{0F59C2FA-C91C-4611-AB1A-E884ADB5A8A2}.Release|Any CPU.Build.0 = Release|Any CPU
	EndGlobalSection
	GlobalSection(SolutionProperties) = preSolution
		HideSolutionNode = FALSE
	EndGlobalSection
EndGlobal
